// !$*UTF8*$!
{
	archiveVersion = 1;
	classes = {
	};
	objectVersion = 46;
	objects = {

/* Begin PBXBuildFile section */
		011CA4661DFBDE9B000C7A76 /* MathDef.c in Sources */ = {isa = PBXBuildFile; fileRef = 011CA4641DFBDE9B000C7A76 /* MathDef.c */; };
		011CA4691DFBE3DD000C7A76 /* StrTools.c in Sources */ = {isa = PBXBuildFile; fileRef = 011CA4671DFBE3DD000C7A76 /* StrTools.c */; };
		0151AD7A1DFCD64200DD17F2 /* ArrayTools.c in Sources */ = {isa = PBXBuildFile; fileRef = 0151AD781DFCD64200DD17F2 /* ArrayTools.c */; };
		01B1D4EE1DF9F456002A4075 /* main.c in Sources */ = {isa = PBXBuildFile; fileRef = 01B1D4ED1DF9F456002A4075 /* main.c */; };
		01B1D4F61DF9F480002A4075 /* Equation.c in Sources */ = {isa = PBXBuildFile; fileRef = 01B1D4F41DF9F480002A4075 /* Equation.c */; };
		01B1D4F91DFA026B002A4075 /* HashTable.c in Sources */ = {isa = PBXBuildFile; fileRef = 01B1D4F71DFA026B002A4075 /* HashTable.c */; };
/* End PBXBuildFile section */

/* Begin PBXCopyFilesBuildPhase section */
		01B1D4E81DF9F456002A4075 /* CopyFiles */ = {
			isa = PBXCopyFilesBuildPhase;
			buildActionMask = 2147483647;
			dstPath = /usr/share/man/man1/;
			dstSubfolderSpec = 0;
			files = (
			);
			runOnlyForDeploymentPostprocessing = 1;
		};
/* End PBXCopyFilesBuildPhase section */

/* Begin PBXFileReference section */
		011CA4641DFBDE9B000C7A76 /* MathDef.c */ = {isa = PBXFileReference; fileEncoding = 4; lastKnownFileType = sourcecode.c.c; path = MathDef.c; sourceTree = "<group>"; };
		011CA4651DFBDE9B000C7A76 /* MathDef.h */ = {isa = PBXFileReference; fileEncoding = 4; lastKnownFileType = sourcecode.c.h; path = MathDef.h; sourceTree = "<group>"; };
		011CA4671DFBE3DD000C7A76 /* StrTools.c */ = {isa = PBXFileReference; fileEncoding = 4; lastKnownFileType = sourcecode.c.c; path = StrTools.c; sourceTree = "<group>"; };
		011CA4681DFBE3DD000C7A76 /* StrTools.h */ = {isa = PBXFileReference; fileEncoding = 4; lastKnownFileType = sourcecode.c.h; path = StrTools.h; sourceTree = "<group>"; };
		0151AD781DFCD64200DD17F2 /* ArrayTools.c */ = {isa = PBXFileReference; fileEncoding = 4; lastKnownFileType = sourcecode.c.c; path = ArrayTools.c; sourceTree = "<group>"; };
		0151AD791DFCD64200DD17F2 /* ArrayTools.h */ = {isa = PBXFileReference; fileEncoding = 4; lastKnownFileType = sourcecode.c.h; path = ArrayTools.h; sourceTree = "<group>"; };
		01B1D4EA1DF9F456002A4075 /* Equation */ = {isa = PBXFileReference; explicitFileType = "compiled.mach-o.executable"; includeInIndex = 0; path = Equation; sourceTree = BUILT_PRODUCTS_DIR; };
		01B1D4ED1DF9F456002A4075 /* main.c */ = {isa = PBXFileReference; lastKnownFileType = sourcecode.c.c; path = main.c; sourceTree = "<group>"; };
		01B1D4F41DF9F480002A4075 /* Equation.c */ = {isa = PBXFileReference; fileEncoding = 4; lastKnownFileType = sourcecode.c.c; path = Equation.c; sourceTree = "<group>"; };
		01B1D4F51DF9F480002A4075 /* Equation.h */ = {isa = PBXFileReference; fileEncoding = 4; lastKnownFileType = sourcecode.c.h; path = Equation.h; sourceTree = "<group>"; };
		01B1D4F71DFA026B002A4075 /* HashTable.c */ = {isa = PBXFileReference; fileEncoding = 4; lastKnownFileType = sourcecode.c.c; path = HashTable.c; sourceTree = "<group>"; };
		01B1D4F81DFA026B002A4075 /* HashTable.h */ = {isa = PBXFileReference; fileEncoding = 4; lastKnownFileType = sourcecode.c.h; path = HashTable.h; sourceTree = "<group>"; };
/* End PBXFileReference section */

/* Begin PBXFrameworksBuildPhase section */
		01B1D4E71DF9F456002A4075 /* Frameworks */ = {
			isa = PBXFrameworksBuildPhase;
			buildActionMask = 2147483647;
			files = (
			);
			runOnlyForDeploymentPostprocessing = 0;
		};
/* End PBXFrameworksBuildPhase section */

/* Begin PBXGroup section */
		01B1D4E11DF9F456002A4075 = {
			isa = PBXGroup;
			children = (
				01B1D4EC1DF9F456002A4075 /* Equation */,
				01B1D4EB1DF9F456002A4075 /* Products */,
			);
			sourceTree = "<group>";
		};
		01B1D4EB1DF9F456002A4075 /* Products */ = {
			isa = PBXGroup;
			children = (
				01B1D4EA1DF9F456002A4075 /* Equation */,
			);
			name = Products;
			sourceTree = "<group>";
		};
		01B1D4EC1DF9F456002A4075 /* Equation */ = {
			isa = PBXGroup;
			children = (
				01B1D4ED1DF9F456002A4075 /* main.c */,
				01B1D4F41DF9F480002A4075 /* Equation.c */,
				01B1D4F51DF9F480002A4075 /* Equation.h */,
				01B1D4F71DFA026B002A4075 /* HashTable.c */,
				01B1D4F81DFA026B002A4075 /* HashTable.h */,
				011CA4641DFBDE9B000C7A76 /* MathDef.c */,
				011CA4651DFBDE9B000C7A76 /* MathDef.h */,
				011CA4671DFBE3DD000C7A76 /* StrTools.c */,
				011CA4681DFBE3DD000C7A76 /* StrTools.h */,
				0151AD781DFCD64200DD17F2 /* ArrayTools.c */,
				0151AD791DFCD64200DD17F2 /* ArrayTools.h */,
			);
			path = Equation;
			sourceTree = "<group>";
		};
/* End PBXGroup section */

/* Begin PBXNativeTarget section */
		01B1D4E91DF9F456002A4075 /* Equation */ = {
			isa = PBXNativeTarget;
			buildConfigurationList = 01B1D4F11DF9F456002A4075 /* Build configuration list for PBXNativeTarget "Equation" */;
			buildPhases = (
				01B1D4E61DF9F456002A4075 /* Sources */,
				01B1D4E71DF9F456002A4075 /* Frameworks */,
				01B1D4E81DF9F456002A4075 /* CopyFiles */,
			);
			buildRules = (
			);
			dependencies = (
			);
			name = Equation;
			productName = Equation;
			productReference = 01B1D4EA1DF9F456002A4075 /* Equation */;
			productType = "com.apple.product-type.tool";
		};
/* End PBXNativeTarget section */

/* Begin PBXProject section */
		01B1D4E21DF9F456002A4075 /* Project object */ = {
			isa = PBXProject;
			attributes = {
				LastUpgradeCheck = 0810;
				ORGANIZATIONNAME = MittuDev;
				TargetAttributes = {
					01B1D4E91DF9F456002A4075 = {
						CreatedOnToolsVersion = 8.1;
						ProvisioningStyle = Automatic;
					};
				};
			};
			buildConfigurationList = 01B1D4E51DF9F456002A4075 /* Build configuration list for PBXProject "Equation" */;
			compatibilityVersion = "Xcode 3.2";
			developmentRegion = English;
			hasScannedForEncodings = 0;
			knownRegions = (
				en,
			);
			mainGroup = 01B1D4E11DF9F456002A4075;
			productRefGroup = 01B1D4EB1DF9F456002A4075 /* Products */;
			projectDirPath = "";
			projectRoot = "";
			targets = (
				01B1D4E91DF9F456002A4075 /* Equation */,
			);
		};
/* End PBXProject section */

/* Begin PBXSourcesBuildPhase section */
		01B1D4E61DF9F456002A4075 /* Sources */ = {
			isa = PBXSourcesBuildPhase;
			buildActionMask = 2147483647;
			files = (
				01B1D4F91DFA026B002A4075 /* HashTable.c in Sources */,
				0151AD7A1DFCD64200DD17F2 /* ArrayTools.c in Sources */,
				01B1D4EE1DF9F456002A4075 /* main.c in Sources */,
				011CA4691DFBE3DD000C7A76 /* StrTools.c in Sources */,
				01B1D4F61DF9F480002A4075 /* Equation.c in Sources */,
				011CA4661DFBDE9B000C7A76 /* MathDef.c in Sources */,
			);
			runOnlyForDeploymentPostprocessing = 0;
		};
/* End PBXSourcesBuildPhase section */

/* Begin XCBuildConfiguration section */
		01B1D4EF1DF9F456002A4075 /* Debug */ = {
			isa = XCBuildConfiguration;
			buildSettings = {
				ALWAYS_SEARCH_USER_PATHS = NO;
				CLANG_ANALYZER_NONNULL = YES;
				CLANG_CXX_LANGUAGE_STANDARD = "gnu++0x";
				CLANG_CXX_LIBRARY = "libc++";
				CLANG_ENABLE_MODULES = YES;
				CLANG_ENABLE_OBJC_ARC = YES;
				CLANG_WARN_BOOL_CONVERSION = YES;
				CLANG_WARN_CONSTANT_CONVERSION = YES;
				CLANG_WARN_DIRECT_OBJC_ISA_USAGE = YES_ERROR;
				CLANG_WARN_DOCUMENTATION_COMMENTS = YES;
				CLANG_WARN_EMPTY_BODY = YES;
				CLANG_WARN_ENUM_CONVERSION = YES;
				CLANG_WARN_INFINITE_RECURSION = YES;
				CLANG_WARN_INT_CONVERSION = YES;
				CLANG_WARN_OBJC_ROOT_CLASS = YES_ERROR;
				CLANG_WARN_SUSPICIOUS_MOVES = YES;
				CLANG_WARN_UNREACHABLE_CODE = YES;
				CLANG_WARN__DUPLICATE_METHOD_MATCH = YES;
				CODE_SIGN_IDENTITY = "-";
				COPY_PHASE_STRIP = NO;
				DEBUG_INFORMATION_FORMAT = dwarf;
				ENABLE_STRICT_OBJC_MSGSEND = YES;
				ENABLE_TESTABILITY = YES;
				GCC_C_LANGUAGE_STANDARD = gnu99;
				GCC_DYNAMIC_NO_PIC = NO;
				GCC_NO_COMMON_BLOCKS = YES;
				GCC_OPTIMIZATION_LEVEL = 0;
				GCC_PREPROCESSOR_DEFINITIONS = (
					"DEBUG=1",
					"$(inherited)",
				);
				GCC_WARN_64_TO_32_BIT_CONVERSION = YES;
				GCC_WARN_ABOUT_RETURN_TYPE = YES_ERROR;
				GCC_WARN_UNDECLARED_SELECTOR = YES;
				GCC_WARN_UNINITIALIZED_AUTOS = YES_AGGRESSIVE;
				GCC_WARN_UNUSED_FUNCTION = YES;
				GCC_WARN_UNUSED_VARIABLE = YES;
				MACOSX_DEPLOYMENT_TARGET = 10.12;
				MTL_ENABLE_DEBUG_INFO = YES;
				ONLY_ACTIVE_ARCH = YES;
				SDKROOT = macosx;
			};
			name = Debug;
		};
		01B1D4F01DF9F456002A4075 /* Release */ = {
			isa = XCBuildConfiguration;
			buildSettings = {
				ALWAYS_SEARCH_USER_PATHS = NO;
				CLANG_ANALYZER_NONNULL = YES;
				CLANG_CXX_LANGUAGE_STANDARD = "gnu++0x";
				CLANG_CXX_LIBRARY = "libc++";
				CLANG_ENABLE_MODULES = YES;
				CLANG_ENABLE_OBJC_ARC = YES;
				CLANG_WARN_BOOL_CONVERSION = YES;
				CLANG_WARN_CONSTANT_CONVERSION = YES;
				CLANG_WARN_DIRECT_OBJC_ISA_USAGE = YES_ERROR;
				CLANG_WARN_DOCUMENTATION_COMMENTS = YES;
				CLANG_WARN_EMPTY_BODY = YES;
				CLANG_WARN_ENUM_CONVERSION = YES;
				CLANG_WARN_INFINITE_RECURSION = YES;
				CLANG_WARN_INT_CONVERSION = YES;
				CLANG_WARN_OBJC_ROOT_CLASS = YES_ERROR;
				CLANG_WARN_SUSPICIOUS_MOVES = YES;
				CLANG_WARN_UNREACHABLE_CODE = YES;
				CLANG_WARN__DUPLICATE_METHOD_MATCH = YES;
				CODE_SIGN_IDENTITY = "-";
				COPY_PHASE_STRIP = NO;
				DEBUG_INFORMATION_FORMAT = "dwarf-with-dsym";
				ENABLE_NS_ASSERTIONS = NO;
				ENABLE_STRICT_OBJC_MSGSEND = YES;
				GCC_C_LANGUAGE_STANDARD = gnu99;
				GCC_NO_COMMON_BLOCKS = YES;
				GCC_WARN_64_TO_32_BIT_CONVERSION = YES;
				GCC_WARN_ABOUT_RETURN_TYPE = YES_ERROR;
				GCC_WARN_UNDECLARED_SELECTOR = YES;
				GCC_WARN_UNINITIALIZED_AUTOS = YES_AGGRESSIVE;
				GCC_WARN_UNUSED_FUNCTION = YES;
				GCC_WARN_UNUSED_VARIABLE = YES;
				MACOSX_DEPLOYMENT_TARGET = 10.12;
				MTL_ENABLE_DEBUG_INFO = NO;
				SDKROOT = macosx;
			};
			name = Release;
		};
		01B1D4F21DF9F456002A4075 /* Debug */ = {
			isa = XCBuildConfiguration;
			buildSettings = {
				PRODUCT_NAME = "$(TARGET_NAME)";
			};
			name = Debug;
		};
		01B1D4F31DF9F456002A4075 /* Release */ = {
			isa = XCBuildConfiguration;
			buildSettings = {
				PRODUCT_NAME = "$(TARGET_NAME)";
			};
			name = Release;
		};
/* End XCBuildConfiguration section */

/* Begin XCConfigurationList section */
		01B1D4E51DF9F456002A4075 /* Build configuration list for PBXProject "Equation" */ = {
			isa = XCConfigurationList;
			buildConfigurations = (
				01B1D4EF1DF9F456002A4075 /* Debug */,
				01B1D4F01DF9F456002A4075 /* Release */,
			);
			defaultConfigurationIsVisible = 0;
			defaultConfigurationName = Release;
		};
		01B1D4F11DF9F456002A4075 /* Build configuration list for PBXNativeTarget "Equation" */ = {
			isa = XCConfigurationList;
			buildConfigurations = (
				01B1D4F21DF9F456002A4075 /* Debug */,
				01B1D4F31DF9F456002A4075 /* Release */,
			);
			defaultConfigurationIsVisible = 0;
			defaultConfigurationName = Release;
		};
/* End XCConfigurationList section */
	};
	rootObject = 01B1D4E21DF9F456002A4075 /* Project object */;
}
